{
  "name": "lopper-keyboard-fixture",
  "lockfileVersion": 3,
  "requires": true,
  "packages": {
    "": {
      "name": "lopper-keyboard-fixture",
      "dependencies": {
        "alpha": "1.0.0",
        "beta": "1.0.0"
      }
    },
    "node_modules/alpha": {
      "version": "1.0.0"
    },
    "node_modules/beta": {
      "version": "1.0.0"
    }
  }
}
